// !$*UTF8*$!
{
	archiveVersion = 1;
	classes = {
	};
	objectVersion = 55;
	objects = {

/* Begin PBXBuildFile section */
		524CC29F27A2121000CB2D39 /* ListViewModel.swift in Sources */ = {isa = PBXBuildFile; fileRef = 524CC29E27A2121000CB2D39 /* ListViewModel.swift */; };
		524CC2A127A23E6400CB2D39 /* NoToDuncsView.swift in Sources */ = {isa = PBXBuildFile; fileRef = 524CC2A027A23E6400CB2D39 /* NoToDuncsView.swift */; };
		52EB37C0279D8C02000955AA /* ToDuncListApp.swift in Sources */ = {isa = PBXBuildFile; fileRef = 52EB37BF279D8C02000955AA /* ToDuncListApp.swift */; };
		52EB37C4279D8C03000955AA /* Assets.xcassets in Resources */ = {isa = PBXBuildFile; fileRef = 52EB37C3279D8C03000955AA /* Assets.xcassets */; };
		52EB37C7279D8C03000955AA /* Preview Assets.xcassets in Resources */ = {isa = PBXBuildFile; fileRef = 52EB37C6279D8C03000955AA /* Preview Assets.xcassets */; };
		52EB37D1279D91F0000955AA /* ListView.swift in Sources */ = {isa = PBXBuildFile; fileRef = 52EB37D0279D91F0000955AA /* ListView.swift */; };
		52EB37D3279D9401000955AA /* ToDuncCell.swift in Sources */ = {isa = PBXBuildFile; fileRef = 52EB37D2279D9401000955AA /* ToDuncCell.swift */; };
		52EB37D5279D9507000955AA /* AddView.swift in Sources */ = {isa = PBXBuildFile; fileRef = 52EB37D4279D9507000955AA /* AddView.swift */; };
		52EB37D7279D99B7000955AA /* ToDunc.swift in Sources */ = {isa = PBXBuildFile; fileRef = 52EB37D6279D99B7000955AA /* ToDunc.swift */; };
/* End PBXBuildFile section */

/* Begin PBXFileReference section */
		524CC29E27A2121000CB2D39 /* ListViewModel.swift */ = {isa = PBXFileReference; lastKnownFileType = sourcecode.swift; path = ListViewModel.swift; sourceTree = "<group>"; };
		524CC2A027A23E6400CB2D39 /* NoToDuncsView.swift */ = {isa = PBXFileReference; lastKnownFileType = sourcecode.swift; path = NoToDuncsView.swift; sourceTree = "<group>"; };
		52EB37BC279D8C02000955AA /* ToDuncList.app */ = {isa = PBXFileReference; explicitFileType = wrapper.application; includeInIndex = 0; path = ToDuncList.app; sourceTree = BUILT_PRODUCTS_DIR; };
		52EB37BF279D8C02000955AA /* ToDuncListApp.swift */ = {isa = PBXFileReference; lastKnownFileType = sourcecode.swift; path = ToDuncListApp.swift; sourceTree = "<group>"; };
		52EB37C3279D8C03000955AA /* Assets.xcassets */ = {isa = PBXFileReference; lastKnownFileType = folder.assetcatalog; path = Assets.xcassets; sourceTree = "<group>"; };
		52EB37C6279D8C03000955AA /* Preview Assets.xcassets */ = {isa = PBXFileReference; lastKnownFileType = folder.assetcatalog; path = "Preview Assets.xcassets"; sourceTree = "<group>"; };
		52EB37D0279D91F0000955AA /* ListView.swift */ = {isa = PBXFileReference; lastKnownFileType = sourcecode.swift; path = ListView.swift; sourceTree = "<group>"; };
		52EB37D2279D9401000955AA /* ToDuncCell.swift */ = {isa = PBXFileReference; lastKnownFileType = sourcecode.swift; path = ToDuncCell.swift; sourceTree = "<group>"; };
		52EB37D4279D9507000955AA /* AddView.swift */ = {isa = PBXFileReference; lastKnownFileType = sourcecode.swift; path = AddView.swift; sourceTree = "<group>"; };
		52EB37D6279D99B7000955AA /* ToDunc.swift */ = {isa = PBXFileReference; lastKnownFileType = sourcecode.swift; path = ToDunc.swift; sourceTree = "<group>"; };
/* End PBXFileReference section */

/* Begin PBXFrameworksBuildPhase section */
		52EB37B9279D8C02000955AA /* Frameworks */ = {
			isa = PBXFrameworksBuildPhase;
			buildActionMask = 2147483647;
			files = (
			);
			runOnlyForDeploymentPostprocessing = 0;
		};
/* End PBXFrameworksBuildPhase section */

/* Begin PBXGroup section */
		52EB37B3279D8C02000955AA = {
			isa = PBXGroup;
			children = (
				52EB37BE279D8C02000955AA /* ToDuncList */,
				52EB37BD279D8C02000955AA /* Products */,
			);
			sourceTree = "<group>";
		};
		52EB37BD279D8C02000955AA /* Products */ = {
			isa = PBXGroup;
			children = (
				52EB37BC279D8C02000955AA /* ToDuncList.app */,
			);
			name = Products;
			sourceTree = "<group>";
		};
		52EB37BE279D8C02000955AA /* ToDuncList */ = {
			isa = PBXGroup;
			children = (
				52EB37CF279D91C0000955AA /* Model */,
				52EB37CE279D91BC000955AA /* ViewModel */,
				52EB37CD279D91B7000955AA /* View */,
				52EB37BF279D8C02000955AA /* ToDuncListApp.swift */,
				52EB37C3279D8C03000955AA /* Assets.xcassets */,
				52EB37C5279D8C03000955AA /* Preview Content */,
			);
			path = ToDuncList;
			sourceTree = "<group>";
		};
		52EB37C5279D8C03000955AA /* Preview Content */ = {
			isa = PBXGroup;
			children = (
				52EB37C6279D8C03000955AA /* Preview Assets.xcassets */,
			);
			path = "Preview Content";
			sourceTree = "<group>";
		};
		52EB37CD279D91B7000955AA /* View */ = {
			isa = PBXGroup;
			children = (
				52EB37D0279D91F0000955AA /* ListView.swift */,
				52EB37D2279D9401000955AA /* ToDuncCell.swift */,
				52EB37D4279D9507000955AA /* AddView.swift */,
				524CC2A027A23E6400CB2D39 /* NoToDuncsView.swift */,
			);
			path = View;
			sourceTree = "<group>";
		};
		52EB37CE279D91BC000955AA /* ViewModel */ = {
			isa = PBXGroup;
			children = (
				524CC29E27A2121000CB2D39 /* ListViewModel.swift */,
			);
			path = ViewModel;
			sourceTree = "<group>";
		};
		52EB37CF279D91C0000955AA /* Model */ = {
			isa = PBXGroup;
			children = (
				52EB37D6279D99B7000955AA /* ToDunc.swift */,
			);
			path = Model;
			sourceTree = "<group>";
		};
/* End PBXGroup section */

/* Begin PBXNativeTarget section */
		52EB37BB279D8C02000955AA /* ToDuncList */ = {
			isa = PBXNativeTarget;
			buildConfigurationList = 52EB37CA279D8C03000955AA /* Build configuration list for PBXNativeTarget "ToDuncList" */;
			buildPhases = (
				52EB37B8279D8C02000955AA /* Sources */,
				52EB37B9279D8C02000955AA /* Frameworks */,
				52EB37BA279D8C02000955AA /* Resources */,
			);
			buildRules = (
			);
			dependencies = (
			);
			name = ToDuncList;
			productName = ToDuncList;
			productReference = 52EB37BC279D8C02000955AA /* ToDuncList.app */;
			productType = "com.apple.product-type.application";
		};
/* End PBXNativeTarget section */

/* Begin PBXProject section */
		52EB37B4279D8C02000955AA /* Project object */ = {
			isa = PBXProject;
			attributes = {
				BuildIndependentTargetsInParallel = 1;
				LastSwiftUpdateCheck = 1320;
				LastUpgradeCheck = 1320;
				TargetAttributes = {
					52EB37BB279D8C02000955AA = {
						CreatedOnToolsVersion = 13.2.1;
					};
				};
			};
			buildConfigurationList = 52EB37B7279D8C02000955AA /* Build configuration list for PBXProject "ToDuncList" */;
			compatibilityVersion = "Xcode 13.0";
			developmentRegion = en;
			hasScannedForEncodings = 0;
			knownRegions = (
				en,
				Base,
			);
			mainGroup = 52EB37B3279D8C02000955AA;
			productRefGroup = 52EB37BD279D8C02000955AA /* Products */;
			projectDirPath = "";
			projectRoot = "";
			targets = (
				52EB37BB279D8C02000955AA /* ToDuncList */,
			);
		};
/* End PBXProject section */

/* Begin PBXResourcesBuildPhase section */
		52EB37BA279D8C02000955AA /* Resources */ = {
			isa = PBXResourcesBuildPhase;
			buildActionMask = 2147483647;
			files = (
				52EB37C7279D8C03000955AA /* Preview Assets.xcassets in Resources */,
				52EB37C4279D8C03000955AA /* Assets.xcassets in Resources */,
			);
			runOnlyForDeploymentPostprocessing = 0;
		};
/* End PBXResourcesBuildPhase section */

/* Begin PBXSourcesBuildPhase section */
		52EB37B8279D8C02000955AA /* Sources */ = {
			isa = PBXSourcesBuildPhase;
			buildActionMask = 2147483647;
			files = (
				52EB37D5279D9507000955AA /* AddView.swift in Sources */,
				52EB37D7279D99B7000955AA /* ToDunc.swift in Sources */,
				524CC29F27A2121000CB2D39 /* ListViewModel.swift in Sources */,
				52EB37D1279D91F0000955AA /* ListView.swift in Sources */,
				52EB37C0279D8C02000955AA /* ToDuncListApp.swift in Sources */,
				52EB37D3279D9401000955AA /* ToDuncCell.swift in Sources */,
				524CC2A127A23E6400CB2D39 /* NoToDuncsView.swift in Sources */,
			);
			runOnlyForDeploymentPostprocessing = 0;
		};
/* End PBXSourcesBuildPhase section */

/* Begin XCBuildConfiguration section */
		52EB37C8279D8C03000955AA /* Debug */ = {
			isa = XCBuildConfiguration;
			buildSettings = {
				ALWAYS_SEARCH_USER_PATHS = NO;
				CLANG_ANALYZER_NONNULL = YES;
				CLANG_ANALYZER_NUMBER_OBJECT_CONVERSION = YES_AGGRESSIVE;
				CLANG_CXX_LANGUAGE_STANDARD = "gnu++17";
				CLANG_CXX_LIBRARY = "libc++";
				CLANG_ENABLE_MODULES = YES;
				CLANG_ENABLE_OBJC_ARC = YES;
				CLANG_ENABLE_OBJC_WEAK = YES;
				CLANG_WARN_BLOCK_CAPTURE_AUTORELEASING = YES;
				CLANG_WARN_BOOL_CONVERSION = YES;
				CLANG_WARN_COMMA = YES;
				CLANG_WARN_CONSTANT_CONVERSION = YES;
				CLANG_WARN_DEPRECATED_OBJC_IMPLEMENTATIONS = YES;
				CLANG_WARN_DIRECT_OBJC_ISA_USAGE = YES_ERROR;
				CLANG_WARN_DOCUMENTATION_COMMENTS = YES;
				CLANG_WARN_EMPTY_BODY = YES;
				CLANG_WARN_ENUM_CONVERSION = YES;
				CLANG_WARN_INFINITE_RECURSION = YES;
				CLANG_WARN_INT_CONVERSION = YES;
				CLANG_WARN_NON_LITERAL_NULL_CONVERSION = YES;
				CLANG_WARN_OBJC_IMPLICIT_RETAIN_SELF = YES;
				CLANG_WARN_OBJC_LITERAL_CONVERSION = YES;
				CLANG_WARN_OBJC_ROOT_CLASS = YES_ERROR;
				CLANG_WARN_QUOTED_INCLUDE_IN_FRAMEWORK_HEADER = YES;
				CLANG_WARN_RANGE_LOOP_ANALYSIS = YES;
				CLANG_WARN_STRICT_PROTOTYPES = YES;
				CLANG_WARN_SUSPICIOUS_MOVE = YES;
				CLANG_WARN_UNGUARDED_AVAILABILITY = YES_AGGRESSIVE;
				CLANG_WARN_UNREACHABLE_CODE = YES;
				CLANG_WARN__DUPLICATE_METHOD_MATCH = YES;
				COPY_PHASE_STRIP = NO;
				DEBUG_INFORMATION_FORMAT = dwarf;
				ENABLE_STRICT_OBJC_MSGSEND = YES;
				ENABLE_TESTABILITY = YES;
				GCC_C_LANGUAGE_STANDARD = gnu11;
				GCC_DYNAMIC_NO_PIC = NO;
				GCC_NO_COMMON_BLOCKS = YES;
				GCC_OPTIMIZATION_LEVEL = 0;
				GCC_PREPROCESSOR_DEFINITIONS = (
					"DEBUG=1",
					"$(inherited)",
				);
				GCC_WARN_64_TO_32_BIT_CONVERSION = YES;
				GCC_WARN_ABOUT_RETURN_TYPE = YES_ERROR;
				GCC_WARN_UNDECLARED_SELECTOR = YES;
				GCC_WARN_UNINITIALIZED_AUTOS = YES_AGGRESSIVE;
				GCC_WARN_UNUSED_FUNCTION = YES;
				GCC_WARN_UNUSED_VARIABLE = YES;
				IPHONEOS_DEPLOYMENT_TARGET = 15.2;
				MTL_ENABLE_DEBUG_INFO = INCLUDE_SOURCE;
				MTL_FAST_MATH = YES;
				ONLY_ACTIVE_ARCH = YES;
				SDKROOT = iphoneos;
				SWIFT_ACTIVE_COMPILATION_CONDITIONS = DEBUG;
				SWIFT_OPTIMIZATION_LEVEL = "-Onone";
			};
			name = Debug;
		};
		52EB37C9279D8C03000955AA /* Release */ = {
			isa = XCBuildConfiguration;
			buildSettings = {
				ALWAYS_SEARCH_USER_PATHS = NO;
				CLANG_ANALYZER_NONNULL = YES;
				CLANG_ANALYZER_NUMBER_OBJECT_CONVERSION = YES_AGGRESSIVE;
				CLANG_CXX_LANGUAGE_STANDARD = "gnu++17";
				CLANG_CXX_LIBRARY = "libc++";
				CLANG_ENABLE_MODULES = YES;
				CLANG_ENABLE_OBJC_ARC = YES;
				CLANG_ENABLE_OBJC_WEAK = YES;
				CLANG_WARN_BLOCK_CAPTURE_AUTORELEASING = YES;
				CLANG_WARN_BOOL_CONVERSION = YES;
				CLANG_WARN_COMMA = YES;
				CLANG_WARN_CONSTANT_CONVERSION = YES;
				CLANG_WARN_DEPRECATED_OBJC_IMPLEMENTATIONS = YES;
				CLANG_WARN_DIRECT_OBJC_ISA_USAGE = YES_ERROR;
				CLANG_WARN_DOCUMENTATION_COMMENTS = YES;
				CLANG_WARN_EMPTY_BODY = YES;
				CLANG_WARN_ENUM_CONVERSION = YES;
				CLANG_WARN_INFINITE_RECURSION = YES;
				CLANG_WARN_INT_CONVERSION = YES;
				CLANG_WARN_NON_LITERAL_NULL_CONVERSION = YES;
				CLANG_WARN_OBJC_IMPLICIT_RETAIN_SELF = YES;
				CLANG_WARN_OBJC_LITERAL_CONVERSION = YES;
				CLANG_WARN_OBJC_ROOT_CLASS = YES_ERROR;
				CLANG_WARN_QUOTED_INCLUDE_IN_FRAMEWORK_HEADER = YES;
				CLANG_WARN_RANGE_LOOP_ANALYSIS = YES;
				CLANG_WARN_STRICT_PROTOTYPES = YES;
				CLANG_WARN_SUSPICIOUS_MOVE = YES;
				CLANG_WARN_UNGUARDED_AVAILABILITY = YES_AGGRESSIVE;
				CLANG_WARN_UNREACHABLE_CODE = YES;
				CLANG_WARN__DUPLICATE_METHOD_MATCH = YES;
				COPY_PHASE_STRIP = NO;
				DEBUG_INFORMATION_FORMAT = "dwarf-with-dsym";
				ENABLE_NS_ASSERTIONS = NO;
				ENABLE_STRICT_OBJC_MSGSEND = YES;
				GCC_C_LANGUAGE_STANDARD = gnu11;
				GCC_NO_COMMON_BLOCKS = YES;
				GCC_WARN_64_TO_32_BIT_CONVERSION = YES;
				GCC_WARN_ABOUT_RETURN_TYPE = YES_ERROR;
				GCC_WARN_UNDECLARED_SELECTOR = YES;
				GCC_WARN_UNINITIALIZED_AUTOS = YES_AGGRESSIVE;
				GCC_WARN_UNUSED_FUNCTION = YES;
				GCC_WARN_UNUSED_VARIABLE = YES;
				IPHONEOS_DEPLOYMENT_TARGET = 15.2;
				MTL_ENABLE_DEBUG_INFO = NO;
				MTL_FAST_MATH = YES;
				SDKROOT = iphoneos;
				SWIFT_COMPILATION_MODE = wholemodule;
				SWIFT_OPTIMIZATION_LEVEL = "-O";
				VALIDATE_PRODUCT = YES;
			};
			name = Release;
		};
		52EB37CB279D8C03000955AA /* Debug */ = {
			isa = XCBuildConfiguration;
			buildSettings = {
				ASSETCATALOG_COMPILER_APPICON_NAME = AppIcon;
				ASSETCATALOG_COMPILER_GLOBAL_ACCENT_COLOR_NAME = AccentColor;
				CODE_SIGN_STYLE = Automatic;
				CURRENT_PROJECT_VERSION = 1;
				DEVELOPMENT_ASSET_PATHS = "\"ToDuncList/Preview Content\"";
				DEVELOPMENT_TEAM = 8HB4M5YG35;
				ENABLE_PREVIEWS = YES;
				GENERATE_INFOPLIST_FILE = YES;
				INFOPLIST_KEY_UIApplicationSceneManifest_Generation = YES;
				INFOPLIST_KEY_UIApplicationSupportsIndirectInputEvents = YES;
				INFOPLIST_KEY_UILaunchScreen_Generation = YES;
				INFOPLIST_KEY_UISupportedInterfaceOrientations_iPad = "UIInterfaceOrientationPortrait UIInterfaceOrientationPortraitUpsideDown UIInterfaceOrientationLandscapeLeft UIInterfaceOrientationLandscapeRight";
				INFOPLIST_KEY_UISupportedInterfaceOrientations_iPhone = "UIInterfaceOrientationPortrait UIInterfaceOrientationLandscapeLeft UIInterfaceOrientationLandscapeRight";
				LD_RUNPATH_SEARCH_PATHS = (
					"$(inherited)",
					"@executable_path/Frameworks",
				);
				MARKETING_VERSION = 1.0;
				PRODUCT_BUNDLE_IDENTIFIER = me.kuncan.dent.ToDuncList;
				PRODUCT_NAME = "$(TARGET_NAME)";
				SWIFT_EMIT_LOC_STRINGS = YES;
				SWIFT_VERSION = 5.0;
				TARGETED_DEVICE_FAMILY = "1,2";
			};
			name = Debug;
		};
		52EB37CC279D8C03000955AA /* Release */ = {
			isa = XCBuildConfiguration;
			buildSettings = {
				ASSETCATALOG_COMPILER_APPICON_NAME = AppIcon;
				ASSETCATALOG_COMPILER_GLOBAL_ACCENT_COLOR_NAME = AccentColor;
				CODE_SIGN_STYLE = Automatic;
				CURRENT_PROJECT_VERSION = 1;
				DEVELOPMENT_ASSET_PATHS = "\"ToDuncList/Preview Content\"";
				DEVELOPMENT_TEAM = 8HB4M5YG35;
				ENABLE_PREVIEWS = YES;
				GENERATE_INFOPLIST_FILE = YES;
				INFOPLIST_KEY_UIApplicationSceneManifest_Generation = YES;
				INFOPLIST_KEY_UIApplicationSupportsIndirectInputEvents = YES;
				INFOPLIST_KEY_UILaunchScreen_Generation = YES;
				INFOPLIST_KEY_UISupportedInterfaceOrientations_iPad = "UIInterfaceOrientationPortrait UIInterfaceOrientationPortraitUpsideDown UIInterfaceOrientationLandscapeLeft UIInterfaceOrientationLandscapeRight";
				INFOPLIST_KEY_UISupportedInterfaceOrientations_iPhone = "UIInterfaceOrientationPortrait UIInterfaceOrientationLandscapeLeft UIInterfaceOrientationLandscapeRight";
				LD_RUNPATH_SEARCH_PATHS = (
					"$(inherited)",
					"@executable_path/Frameworks",
				);
				MARKETING_VERSION = 1.0;
				PRODUCT_BUNDLE_IDENTIFIER = me.kuncan.dent.ToDuncList;
				PRODUCT_NAME = "$(TARGET_NAME)";
				SWIFT_EMIT_LOC_STRINGS = YES;
				SWIFT_VERSION = 5.0;
				TARGETED_DEVICE_FAMILY = "1,2";
			};
			name = Release;
		};
/* End XCBuildConfiguration section */

/* Begin XCConfigurationList section */
		52EB37B7279D8C02000955AA /* Build configuration list for PBXProject "ToDuncList" */ = {
			isa = XCConfigurationList;
			buildConfigurations = (
				52EB37C8279D8C03000955AA /* Debug */,
				52EB37C9279D8C03000955AA /* Release */,
			);
			defaultConfigurationIsVisible = 0;
			defaultConfigurationName = Release;
		};
		52EB37CA279D8C03000955AA /* Build configuration list for PBXNativeTarget "ToDuncList" */ = {
			isa = XCConfigurationList;
			buildConfigurations = (
				52EB37CB279D8C03000955AA /* Debug */,
				52EB37CC279D8C03000955AA /* Release */,
			);
			defaultConfigurationIsVisible = 0;
			defaultConfigurationName = Release;
		};
/* End XCConfigurationList section */
	};
	rootObject = 52EB37B4279D8C02000955AA /* Project object */;
}
